
Microsoft Visual Studio Solution File, Format Version 12.00
# Visual Studio 15
Project("{FAE04EC0-301F-11D3-BF4B-00C04F79EFBC}") = "Assembly-CSharp", "Assembly-CSharp.csproj", "{99578758-1D05-F6D4-F8AC-F7B79D596DC1}"
EndProject
Project("{FAE04EC0-301F-11D3-BF4B-00C04F79EFBC}") = "NavMeshComponentsExamples", "NavMeshComponentsExamples.csproj", "{AA0094DE-5A37-48F5-3C7A-D5D482B676A9}"
EndProject
Project("{FAE04EC0-301F-11D3-BF4B-00C04F79EFBC}") = "NavMeshComponents", "NavMeshComponents.csproj", "{A85A8B89-2A84-DFA9-7078-19ABCE56028A}"
EndProject
Project("{FAE04EC0-301F-11D3-BF4B-00C04F79EFBC}") = "NavMeshComponentsTestsPlaymode", "NavMeshComponentsTestsPlaymode.csproj", "{0B962D17-DB9C-A841-1EA8-451EB71DB179}"
EndProject
Project("{FAE04EC0-301F-11D3-BF4B-00C04F79EFBC}") = "Assembly-CSharp-Editor", "Assembly-CSharp-Editor.csproj", "{83883863-1563-A8B1-607F-ECD147C15388}"
EndProject
Project("{FAE04EC0-301F-11D3-BF4B-00C04F79EFBC}") = "NavMeshComponentsEditor", "NavMeshComponentsEditor.csproj", "{1656569F-F0A6-18BE-9DAD-2D76DC0145E7}"
EndProject
Project("{FAE04EC0-301F-11D3-BF4B-00C04F79EFBC}") = "NavMeshComponentsTestsEditmode", "NavMeshComponentsTestsEditmode.csproj", "{1F26C2C9-ACF2-2170-EA15-ADD9C9178E0D}"
EndProject
Project("{FAE04EC0-301F-11D3-BF4B-00C04F79EFBC}") = "NavMeshComponentsExamplesEditor", "NavMeshComponentsExamplesEditor.csproj", "{257BB23E-74F7-B111-2C4F-C5EA4E5D2531}"
EndProject
Global
	GlobalSection(SolutionConfigurationPlatforms) = preSolution
		Debug|Any CPU = Debug|Any CPU
		Release|Any CPU = Release|Any CPU
	EndGlobalSection
	GlobalSection(ProjectConfigurationPlatforms) = postSolution
		{99578758-1D05-F6D4-F8AC-F7B79D596DC1}.Debug|Any CPU.ActiveCfg = Debug|Any CPU
		{99578758-1D05-F6D4-F8AC-F7B79D596DC1}.Debug|Any CPU.Build.0 = Debug|Any CPU
		{99578758-1D05-F6D4-F8AC-F7B79D596DC1}.Release|Any CPU.ActiveCfg = Release|Any CPU
		{99578758-1D05-F6D4-F8AC-F7B79D596DC1}.Release|Any CPU.Build.0 = Release|Any CPU
		{AA0094DE-5A37-48F5-3C7A-D5D482B676A9}.Debug|Any CPU.ActiveCfg = Debug|Any CPU
		{AA0094DE-5A37-48F5-3C7A-D5D482B676A9}.Debug|Any CPU.Build.0 = Debug|Any CPU
		{AA0094DE-5A37-48F5-3C7A-D5D482B676A9}.Release|Any CPU.ActiveCfg = Release|Any CPU
		{AA0094DE-5A37-48F5-3C7A-D5D482B676A9}.Release|Any CPU.Build.0 = Release|Any CPU
		{A85A8B89-2A84-DFA9-7078-19ABCE56028A}.Debug|Any CPU.ActiveCfg = Debug|Any CPU
		{A85A8B89-2A84-DFA9-7078-19ABCE56028A}.Debug|Any CPU.Build.0 = Debug|Any CPU
		{A85A8B89-2A84-DFA9-7078-19ABCE56028A}.Release|Any CPU.ActiveCfg = Release|Any CPU
		{A85A8B89-2A84-DFA9-7078-19ABCE56028A}.Release|Any CPU.Build.0 = Release|Any CPU
		{0B962D17-DB9C-A841-1EA8-451EB71DB179}.Debug|Any CPU.ActiveCfg = Debug|Any CPU
		{0B962D17-DB9C-A841-1EA8-451EB71DB179}.Debug|Any CPU.Build.0 = Debug|Any CPU
		{0B962D17-DB9C-A841-1EA8-451EB71DB179}.Release|Any CPU.ActiveCfg = Release|Any CPU
		{0B962D17-DB9C-A841-1EA8-451EB71DB179}.Release|Any CPU.Build.0 = Release|Any CPU
		{83883863-1563-A8B1-607F-ECD147C15388}.Debug|Any CPU.ActiveCfg = Debug|Any CPU
		{83883863-1563-A8B1-607F-ECD147C15388}.Debug|Any CPU.Build.0 = Debug|Any CPU
		{83883863-1563-A8B1-607F-ECD147C15388}.Release|Any CPU.ActiveCfg = Release|Any CPU
		{83883863-1563-A8B1-607F-ECD147C15388}.Release|Any CPU.Build.0 = Release|Any CPU
		{1656569F-F0A6-18BE-9DAD-2D76DC0145E7}.Debug|Any CPU.ActiveCfg = Debug|Any CPU
		{1656569F-F0A6-18BE-9DAD-2D76DC0145E7}.Debug|Any CPU.Build.0 = Debug|Any CPU
		{1656569F-F0A6-18BE-9DAD-2D76DC0145E7}.Release|Any CPU.ActiveCfg = Release|Any CPU
		{1656569F-F0A6-18BE-9DAD-2D76DC0145E7}.Release|Any CPU.Build.0 = Release|Any CPU
		{1F26C2C9-ACF2-2170-EA15-ADD9C9178E0D}.Debug|Any CPU.ActiveCfg = Debug|Any CPU
		{1F26C2C9-ACF2-2170-EA15-ADD9C9178E0D}.Debug|Any CPU.Build.0 = Debug|Any CPU
		{1F26C2C9-ACF2-2170-EA15-ADD9C9178E0D}.Release|Any CPU.ActiveCfg = Release|Any CPU
		{1F26C2C9-ACF2-2170-EA15-ADD9C9178E0D}.Release|Any CPU.Build.0 = Release|Any CPU
		{257BB23E-74F7-B111-2C4F-C5EA4E5D2531}.Debug|Any CPU.ActiveCfg = Debug|Any CPU
		{257BB23E-74F7-B111-2C4F-C5EA4E5D2531}.Debug|Any CPU.Build.0 = Debug|Any CPU
		{257BB23E-74F7-B111-2C4F-C5EA4E5D2531}.Release|Any CPU.ActiveCfg = Release|Any CPU
		{257BB23E-74F7-B111-2C4F-C5EA4E5D2531}.Release|Any CPU.Build.0 = Release|Any CPU
	EndGlobalSection
	GlobalSection(SolutionProperties) = preSolution
		HideSolutionNode = FALSE
	EndGlobalSection
EndGlobal
